
Microsoft Visual Studio Solution File, Format Version 12.00
# Visual Studio Version 17
VisualStudioVersion = 17.14.36915.13
MinimumVisualStudioVersion = 10.0.40219.1
Project("{2150E333-8FDC-42A3-9474-1A3956D46DE8}") = "Services", "Services", "{02EA681E-C7D8-13C7-8484-4AC65E1B71E8}"
EndProject
Project("{2150E333-8FDC-42A3-9474-1A3956D46DE8}") = "Catalog", "Catalog", "{058FC451-7882-4349-9F47-7C3FA8D444A2}"
EndProject
Project("{FAE04EC0-301F-11D3-BF4B-00C04F79EFBC}") = "Catalog.Api", "Services\Catalog\Catalog.Api\Catalog.Api.csproj", "{C82738D4-9ED3-4B16-8D47-779D60C90C81}"
EndProject
Project("{2150E333-8FDC-42A3-9474-1A3956D46DE8}") = "BuildingBlocks", "BuildingBlocks", "{31CA24BD-007A-4A32-9068-D7941EFED2D0}"
EndProject
Project("{FAE04EC0-301F-11D3-BF4B-00C04F79EFBC}") = "BuildingBlocks", "BuildingBlocks\BuildingBlocks\BuildingBlocks.csproj", "{1C9632FA-8640-41ED-BAFA-83BCCD0FC88E}"
EndProject
Project("{E53339B2-1760-4266-BCC7-CA923CBCF16C}") = "docker-compose", "docker-compose.dcproj", "{81DDED9D-158B-E303-5F62-77A2896D2A5A}"
EndProject
Project("{2150E333-8FDC-42A3-9474-1A3956D46DE8}") = "Basket", "Basket", "{A9C0F93B-1C06-4C3A-8248-2287F4B2E240}"
EndProject
Project("{FAE04EC0-301F-11D3-BF4B-00C04F79EFBC}") = "Basket.API", "Services\Basket\Basket.API\Basket.API.csproj", "{B8AD9672-00E7-49C1-AF6B-BEFF3C84D621}"
EndProject
Project("{2150E333-8FDC-42A3-9474-1A3956D46DE8}") = "Discount", "Discount", "{FCFBF4C3-5198-4353-9876-703DD2ABB582}"
EndProject
Project("{FAE04EC0-301F-11D3-BF4B-00C04F79EFBC}") = "Discount.gRPC", "Services\Discount\Discount.gRPC\Discount.gRPC.csproj", "{2C080E2F-A15A-4D06-9F03-30BEA46BA305}"
EndProject
Project("{2150E333-8FDC-42A3-9474-1A3956D46DE8}") = "Ordering", "Ordering", "{2B13207D-39D0-41F2-963B-1E415201EF30}"
EndProject
Project("{FAE04EC0-301F-11D3-BF4B-00C04F79EFBC}") = "Ordering.API", "Services\Ordering\Ordering.API\Ordering.API.csproj", "{2F2BEB77-F7A1-48A9-BC41-957EC2089385}"
EndProject
Project("{FAE04EC0-301F-11D3-BF4B-00C04F79EFBC}") = "Ordering.Domain", "Services\Ordering\Ordering.Domain\Ordering.Domain.csproj", "{C4427C8B-8033-4799-B635-87331ED3317B}"
EndProject
Project("{FAE04EC0-301F-11D3-BF4B-00C04F79EFBC}") = "Ordering.Application", "Services\Ordering\Ordering.Application\Ordering.Application.csproj", "{4FA36DC9-54E8-43D7-9340-A875E74475F5}"
EndProject
Project("{FAE04EC0-301F-11D3-BF4B-00C04F79EFBC}") = "Ordering.Infrastructure", "Services\Ordering\Ordering.Infrastructure\Ordering.Infrastructure.csproj", "{60E82919-4F20-44B5-8152-26DE96B69D84}"
EndProject
Global
	GlobalSection(SolutionConfigurationPlatforms) = preSolution
		Debug|Any CPU = Debug|Any CPU
		Release|Any CPU = Release|Any CPU
	EndGlobalSection
	GlobalSection(ProjectConfigurationPlatforms) = postSolution
		{C82738D4-9ED3-4B16-8D47-779D60C90C81}.Debug|Any CPU.ActiveCfg = Debug|Any CPU
		{C82738D4-9ED3-4B16-8D47-779D60C90C81}.Debug|Any CPU.Build.0 = Debug|Any CPU
		{C82738D4-9ED3-4B16-8D47-779D60C90C81}.Release|Any CPU.ActiveCfg = Release|Any CPU
		{C82738D4-9ED3-4B16-8D47-779D60C90C81}.Release|Any CPU.Build.0 = Release|Any CPU
		{1C9632FA-8640-41ED-BAFA-83BCCD0FC88E}.Debug|Any CPU.ActiveCfg = Debug|Any CPU
		{1C9632FA-8640-41ED-BAFA-83BCCD0FC88E}.Debug|Any CPU.Build.0 = Debug|Any CPU
		{1C9632FA-8640-41ED-BAFA-83BCCD0FC88E}.Release|Any CPU.ActiveCfg = Release|Any CPU
		{1C9632FA-8640-41ED-BAFA-83BCCD0FC88E}.Release|Any CPU.Build.0 = Release|Any CPU
		{81DDED9D-158B-E303-5F62-77A2896D2A5A}.Debug|Any CPU.ActiveCfg = Debug|Any CPU
		{81DDED9D-158B-E303-5F62-77A2896D2A5A}.Debug|Any CPU.Build.0 = Debug|Any CPU
		{81DDED9D-158B-E303-5F62-77A2896D2A5A}.Release|Any CPU.ActiveCfg = Release|Any CPU
		{81DDED9D-158B-E303-5F62-77A2896D2A5A}.Release|Any CPU.Build.0 = Release|Any CPU
		{B8AD9672-00E7-49C1-AF6B-BEFF3C84D621}.Debug|Any CPU.ActiveCfg = Debug|Any CPU
		{B8AD9672-00E7-49C1-AF6B-BEFF3C84D621}.Debug|Any CPU.Build.0 = Debug|Any CPU
		{B8AD9672-00E7-49C1-AF6B-BEFF3C84D621}.Release|Any CPU.ActiveCfg = Release|Any CPU
		{B8AD9672-00E7-49C1-AF6B-BEFF3C84D621}.Release|Any CPU.Build.0 = Release|Any CPU
		{2C080E2F-A15A-4D06-9F03-30BEA46BA305}.Debug|Any CPU.ActiveCfg = Debug|Any CPU
		{2C080E2F-A15A-4D06-9F03-30BEA46BA305}.Debug|Any CPU.Build.0 = Debug|Any CPU
		{2C080E2F-A15A-4D06-9F03-30BEA46BA305}.Release|Any CPU.ActiveCfg = Release|Any CPU
		{2C080E2F-A15A-4D06-9F03-30BEA46BA305}.Release|Any CPU.Build.0 = Release|Any CPU
		{2F2BEB77-F7A1-48A9-BC41-957EC2089385}.Debug|Any CPU.ActiveCfg = Debug|Any CPU
		{2F2BEB77-F7A1-48A9-BC41-957EC2089385}.Debug|Any CPU.Build.0 = Debug|Any CPU
		{2F2BEB77-F7A1-48A9-BC41-957EC2089385}.Release|Any CPU.ActiveCfg = Release|Any CPU
		{2F2BEB77-F7A1-48A9-BC41-957EC2089385}.Release|Any CPU.Build.0 = Release|Any CPU
		{C4427C8B-8033-4799-B635-87331ED3317B}.Debug|Any CPU.ActiveCfg = Debug|Any CPU
		{C4427C8B-8033-4799-B635-87331ED3317B}.Debug|Any CPU.Build.0 = Debug|Any CPU
		{C4427C8B-8033-4799-B635-87331ED3317B}.Release|Any CPU.ActiveCfg = Release|Any CPU
		{C4427C8B-8033-4799-B635-87331ED3317B}.Release|Any CPU.Build.0 = Release|Any CPU
		{4FA36DC9-54E8-43D7-9340-A875E74475F5}.Debug|Any CPU.ActiveCfg = Debug|Any CPU
		{4FA36DC9-54E8-43D7-9340-A875E74475F5}.Debug|Any CPU.Build.0 = Debug|Any CPU
		{4FA36DC9-54E8-43D7-9340-A875E74475F5}.Release|Any CPU.ActiveCfg = Release|Any CPU
		{4FA36DC9-54E8-43D7-9340-A875E74475F5}.Release|Any CPU.Build.0 = Release|Any CPU
		{60E82919-4F20-44B5-8152-26DE96B69D84}.Debug|Any CPU.ActiveCfg = Debug|Any CPU
		{60E82919-4F20-44B5-8152-26DE96B69D84}.Debug|Any CPU.Build.0 = Debug|Any CPU
		{60E82919-4F20-44B5-8152-26DE96B69D84}.Release|Any CPU.ActiveCfg = Release|Any CPU
		{60E82919-4F20-44B5-8152-26DE96B69D84}.Release|Any CPU.Build.0 = Release|Any CPU
	EndGlobalSection
	GlobalSection(SolutionProperties) = preSolution
		HideSolutionNode = FALSE
	EndGlobalSection
	GlobalSection(NestedProjects) = preSolution
		{058FC451-7882-4349-9F47-7C3FA8D444A2} = {02EA681E-C7D8-13C7-8484-4AC65E1B71E8}
		{C82738D4-9ED3-4B16-8D47-779D60C90C81} = {058FC451-7882-4349-9F47-7C3FA8D444A2}
		{1C9632FA-8640-41ED-BAFA-83BCCD0FC88E} = {31CA24BD-007A-4A32-9068-D7941EFED2D0}
		{A9C0F93B-1C06-4C3A-8248-2287F4B2E240} = {02EA681E-C7D8-13C7-8484-4AC65E1B71E8}
		{B8AD9672-00E7-49C1-AF6B-BEFF3C84D621} = {A9C0F93B-1C06-4C3A-8248-2287F4B2E240}
		{FCFBF4C3-5198-4353-9876-703DD2ABB582} = {02EA681E-C7D8-13C7-8484-4AC65E1B71E8}
		{2C080E2F-A15A-4D06-9F03-30BEA46BA305} = {FCFBF4C3-5198-4353-9876-703DD2ABB582}
		{2B13207D-39D0-41F2-963B-1E415201EF30} = {02EA681E-C7D8-13C7-8484-4AC65E1B71E8}
		{2F2BEB77-F7A1-48A9-BC41-957EC2089385} = {2B13207D-39D0-41F2-963B-1E415201EF30}
		{C4427C8B-8033-4799-B635-87331ED3317B} = {2B13207D-39D0-41F2-963B-1E415201EF30}
		{4FA36DC9-54E8-43D7-9340-A875E74475F5} = {2B13207D-39D0-41F2-963B-1E415201EF30}
		{60E82919-4F20-44B5-8152-26DE96B69D84} = {2B13207D-39D0-41F2-963B-1E415201EF30}
	EndGlobalSection
	GlobalSection(ExtensibilityGlobals) = postSolution
		SolutionGuid = {25E4424B-E211-4DD1-AE45-EEE71753B69A}
	EndGlobalSection
EndGlobal
